dependencies:
- name: vllm
  repository: file://charts/vllm
  version: 0.1.0
- name: llamacpp
  repository: file://charts/llamacpp
  version: 0.1.0
- name: tei
  repository: file://charts/tei
  version: 0.1.0
- name: litellm
  repository: file://charts/litellm
  version: 0.1.0
- name: observability
  repository: file://charts/observability
  version: 0.1.0
- name: langfuse
  repository: file://charts/langfuse
  version: 0.1.0
- name: logging
  repository: file://charts/logging
  version: 0.1.0
- name: keda
  repository: file://charts/keda
  version: 0.1.0
- name: fluid
  repository: file://charts/fluid
  version: 0.1.0
- name: harbor
  repository: file://charts/harbor
  version: 0.1.0
- name: security
  repository: file://charts/security
  version: 0.1.0
- name: milvus
  repository: file://charts/milvus
  version: 0.1.0
digest: sha256:27fc163f4bb78cf7780fd8372f406eaef195870a1b66802fd73b06369a39b968
generated: "2026-03-20T11:36:55.559160183+08:00"
