dependencies:
- name: vllm
  repository: file://charts/vllm
  version: 0.1.0
- name: llamacpp
  repository: file://charts/llamacpp
  version: 0.1.0
- name: tei
  repository: file://charts/tei
  version: 0.1.0
- name: litellm
  repository: file://charts/litellm
  version: 0.1.0
- name: observability
  repository: file://charts/observability
  version: 0.1.0
- name: langfuse
  repository: file://charts/langfuse
  version: 0.1.0
- name: logging
  repository: file://charts/logging
  version: 0.1.0
- name: keda
  repository: file://charts/keda
  version: 0.1.0
- name: fluid
  repository: file://charts/fluid
  version: 0.1.0
- name: harbor
  repository: file://charts/harbor
  version: 0.1.0
- name: security
  repository: file://charts/security
  version: 0.1.0
- name: milvus
  repository: file://charts/milvus
  version: 0.1.0
- name: dify
  repository: file://charts/dify
  version: 0.1.0
digest: sha256:24e420802ed9419a96f28cfe55e4385bf83b25ede4ca89a371b4a4c66de827cb
generated: "2026-03-20T15:39:18.785162216+08:00"
