dependencies:
- name: vllm
  repository: file://charts/vllm
  version: 0.1.0
- name: llamacpp
  repository: file://charts/llamacpp
  version: 0.1.0
- name: tei
  repository: file://charts/tei
  version: 0.1.0
- name: litellm
  repository: file://charts/litellm
  version: 0.1.0
- name: observability
  repository: file://charts/observability
  version: 0.1.0
- name: langfuse
  repository: file://charts/langfuse
  version: 0.1.0
digest: sha256:23e3b7973354d836b8d63ad331f43280eb1b188e43b6fda99869c9d1a8fbaf5a
generated: "2026-03-19T10:47:48.689379016+08:00"
